
Microsoft Visual Studio Solution File, Format Version 12.00
# Visual Studio 15
VisualStudioVersion = 15.0.28307.852
MinimumVisualStudioVersion = 10.0.40219.1
Project("{9A19103F-16F7-4668-BE54-9A1E7A4F7556}") = "SB.Common.Test", "NUnit Tests\SB.Common.Test\SB.Common.Test.csproj", "{EC413110-2446-4B40-9D2D-DB82A47A3F87}"
EndProject
Project("{2150E333-8FDC-42A3-9474-1A3956D46DE8}") = "NUnitTests", "NUnitTests", "{093CEE95-3D29-4DC4-B25B-529DA3F7050B}"
EndProject
Project("{2150E333-8FDC-42A3-9474-1A3956D46DE8}") = "Database", "Database", "{89FA2913-867C-436D-B383-050748A2D53A}"
EndProject
Project("{2150E333-8FDC-42A3-9474-1A3956D46DE8}") = "src", "src", "{05EB8D07-92B3-450E-B4B0-D388404BA307}"
EndProject
Project("{9A19103F-16F7-4668-BE54-9A1E7A4F7556}") = "SB.Common", "src\SB.Common\SB.Common.csproj", "{C04683B8-4D4F-4E2D-A051-316BD0EF2716}"
EndProject
Project("{2150E333-8FDC-42A3-9474-1A3956D46DE8}") = "Database", "Database", "{38B5B18A-B0BC-4283-8572-6EE6E2447AF7}"
EndProject
Project("{2150E333-8FDC-42A3-9474-1A3956D46DE8}") = "Migrator", "Migrator", "{4DEAB15B-270F-4188-8DE3-2EF0C52C9C83}"
EndProject
Project("{9A19103F-16F7-4668-BE54-9A1E7A4F7556}") = "SB.Migrator", "src\Database\Migrator\SB.Migrator\SB.Migrator.csproj", "{1C8A0AC3-E0F4-4461-A44A-6F2310B1416D}"
EndProject
Project("{2150E333-8FDC-42A3-9474-1A3956D46DE8}") = "Code", "Code", "{34764869-89AD-4B44-8E52-C884ECE17810}"
EndProject
Project("{2150E333-8FDC-42A3-9474-1A3956D46DE8}") = "Database", "Database", "{DCF5476E-BF46-43B6-A442-C2C8556B1CC3}"
EndProject
Project("{9A19103F-16F7-4668-BE54-9A1E7A4F7556}") = "SB.Migrator.SqlServer", "src\Database\Migrator\Database\SB.Migrator.SqlServer\SB.Migrator.SqlServer.csproj", "{CE35B84D-693A-481B-8331-A6F01A0103E3}"
EndProject
Project("{2150E333-8FDC-42A3-9474-1A3956D46DE8}") = "EntityFramework", "EntityFramework", "{FB76CA98-B878-4253-BA22-F1A002A1E4C8}"
EndProject
Project("{9A19103F-16F7-4668-BE54-9A1E7A4F7556}") = "SB.Migrator.EntityFramework", "src\Database\Migrator\Code\EntityFramework\SB.Migrator.EntityFramework\SB.Migrator.EntityFramework.csproj", "{9D907655-E7AC-48DE-BC2B-B7A10E149C87}"
EndProject
Project("{2150E333-8FDC-42A3-9474-1A3956D46DE8}") = "Migrator", "Migrator", "{C5750199-85C0-4684-8CDE-54DEC27BF815}"
EndProject
Project("{9A19103F-16F7-4668-BE54-9A1E7A4F7556}") = "SB.Migrator.Test", "NUnit Tests\Database\Migrator\SB.Migrator.Test\SB.Migrator.Test.csproj", "{E9DAE7B8-66E9-4F34-841D-087F5CEE6AD6}"
EndProject
Project("{2150E333-8FDC-42A3-9474-1A3956D46DE8}") = "Examples", "Examples", "{EF10AA03-534F-4903-B30D-D3BF7A53AFDA}"
EndProject
Project("{9A19103F-16F7-4668-BE54-9A1E7A4F7556}") = "EFSqlMigrationTestConsole", "Examples\SB.Migration\EFSqlMigrationTestConsole\EFSqlMigrationTestConsole.csproj", "{D242BFC0-582F-4449-8302-906FA8465ACA}"
EndProject
Project("{2150E333-8FDC-42A3-9474-1A3956D46DE8}") = "Metadata", "Metadata", "{5593B696-5483-4142-BA53-CC19A5FD48CD}"
EndProject
Project("{2150E333-8FDC-42A3-9474-1A3956D46DE8}") = "SB.Migration", "SB.Migration", "{0A2FE0BF-9BCA-4CFE-B6FC-995C1543A809}"
EndProject
Project("{9A19103F-16F7-4668-BE54-9A1E7A4F7556}") = "SB.Migrator.Metadata", "src\Database\Migrator\Code\Metadata\SB.Migrator.Metadata\SB.Migrator.Metadata.csproj", "{DBBA5941-8F3C-4B3B-925C-66209D5DB037}"
EndProject
Project("{9A19103F-16F7-4668-BE54-9A1E7A4F7556}") = "MetadataSqlMigrationTestConsole", "Examples\SB.Migration\MetadataSqlMigrationTestConsole\MetadataSqlMigrationTestConsole.csproj", "{798D2795-0CDC-4A94-BEF9-D4BFC2F570E9}"
EndProject
Project("{2150E333-8FDC-42A3-9474-1A3956D46DE8}") = "Code", "Code", "{62FF18C4-7093-4F1F-8CA7-1A950ED2EE1E}"
EndProject
Project("{2150E333-8FDC-42A3-9474-1A3956D46DE8}") = "Metadata", "Metadata", "{77613051-4536-477A-8F71-2D155ED2AF1A}"
EndProject
Project("{9A19103F-16F7-4668-BE54-9A1E7A4F7556}") = "SB.Migrator.Metadata.Test", "NUnit Tests\Database\Migrator\Code\Metadata\SB.Migrator.Metadata.Test\SB.Migrator.Metadata.Test.csproj", "{7647345E-542A-4BC5-AA4A-67D98942351E}"
EndProject
Project("{9A19103F-16F7-4668-BE54-9A1E7A4F7556}") = "SB.Migrator.Postgres", "src\Database\Migrator\Database\SB.Migrator.Postgres\SB.Migrator.Postgres.csproj", "{B939E23D-11D3-4993-8DDA-D51A63A802A3}"
EndProject
Project("{9A19103F-16F7-4668-BE54-9A1E7A4F7556}") = "MetadataPostgresMigrationTestConsole", "Examples\SB.Migration\MetadataPostgresMigrationTestConsole\MetadataPostgresMigrationTestConsole.csproj", "{BA855D31-7BBB-4ABB-A35F-FDEF0D2EBBEF}"
EndProject
Project("{9A19103F-16F7-4668-BE54-9A1E7A4F7556}") = "EFPostgresMigrationTestConsole", "Examples\SB.Migration\EFPostgresMigrationTestConsole\EFPostgresMigrationTestConsole.csproj", "{CCDAB62B-59A7-4D32-A6D4-F025058D3D9A}"
EndProject
Project("{9A19103F-16F7-4668-BE54-9A1E7A4F7556}") = "SB.Migrator.MySql", "src\Database\Migrator\Database\SB.Migrator.MySql\SB.Migrator.MySql.csproj", "{DD2757D6-2ACC-432C-AC6B-FF8B53E46F27}"
EndProject
Project("{9A19103F-16F7-4668-BE54-9A1E7A4F7556}") = "SB.Migrator.Firebird", "src\Database\Migrator\Database\SB.Migrator.Firebird\SB.Migrator.Firebird.csproj", "{8C3B7C87-2E8C-4487-9E9D-C2212752F7A4}"
EndProject
Project("{9A19103F-16F7-4668-BE54-9A1E7A4F7556}") = "SB.Migrator.Oracle", "src\Database\Migrator\Database\SB.Migrator.Oracle\SB.Migrator.Oracle.csproj", "{4DB0BB26-CEF0-467B-8ABA-BAD91E96D145}"
EndProject
Project("{9A19103F-16F7-4668-BE54-9A1E7A4F7556}") = "MetadataMySqlMigrationTestConsole", "Examples\SB.Migration\MetadataMySqlMigrationTestConsole\MetadataMySqlMigrationTestConsole.csproj", "{CCB9AD02-0DDA-49C9-8457-A31585E60853}"
EndProject
Project("{9A19103F-16F7-4668-BE54-9A1E7A4F7556}") = "SB.Report", "src\SB.Report\SB.Report.csproj", "{8C55D03A-6FA0-4CAB-9815-CA87A5582079}"
EndProject
Project("{9A19103F-16F7-4668-BE54-9A1E7A4F7556}") = "SB.Report.Test", "NUnit Tests\SB.Report.Test\SB.Report.Test.csproj", "{28800D77-0130-4A30-8505-4FEEC32F1970}"
EndProject
Project("{9A19103F-16F7-4668-BE54-9A1E7A4F7556}") = "SB.RestClient", "src\SB.RestClient\SB.RestClient.csproj", "{BB317400-8A52-45F5-9AD0-AD6834D0E4EF}"
EndProject
Project("{2150E333-8FDC-42A3-9474-1A3956D46DE8}") = "SB.RestClient", "SB.RestClient", "{7FFB01BE-910F-45B5-9DB3-5F0F1084304D}"
EndProject
Project("{9A19103F-16F7-4668-BE54-9A1E7A4F7556}") = "SB.RestClient.Console.Example", "Examples\SB.RestClient\SB.RestClient.Console.Example\SB.RestClient.Console.Example.csproj", "{D1F4F7A4-488F-4DA3-B30D-4115BB17EF21}"
EndProject
Project("{2150E333-8FDC-42A3-9474-1A3956D46DE8}") = "Code", "Code", "{FEE9071B-7C1E-4302-9091-4F36CAB6DFEE}"
EndProject
Project("{9A19103F-16F7-4668-BE54-9A1E7A4F7556}") = "SB.Migrator.Code", "src\Database\Migrator\Code\Code\SB.Migrator.Code\SB.Migrator.Code.csproj", "{AECC2335-79D2-42EB-8B28-BE1A64EF472A}"
EndProject
Project("{2150E333-8FDC-42A3-9474-1A3956D46DE8}") = "ResourceScript", "ResourceScript", "{DF16E61C-F732-4A0E-B37B-06936C87D01C}"
EndProject
Project("{9A19103F-16F7-4668-BE54-9A1E7A4F7556}") = "SB.Migrator.ResourceScript", "src\Database\Migrator\Code\ResourceScript\SB.Migrator.ResourceScript\SB.Migrator.ResourceScript.csproj", "{95148717-C143-4739-AA54-2E80CBA3540A}"
EndProject
Project("{9A19103F-16F7-4668-BE54-9A1E7A4F7556}") = "SB.TelegramBot", "src\SB.TelegramBot\SB.TelegramBot.csproj", "{59BD10C6-BF31-40BB-BE21-2AACD5975DBA}"
EndProject
Project("{2150E333-8FDC-42A3-9474-1A3956D46DE8}") = "SB.TelegramBot", "SB.TelegramBot", "{7FBAEF94-F050-4ED3-8F0B-CA9694B338D0}"
EndProject
Project("{FAE04EC0-301F-11D3-BF4B-00C04F79EFBC}") = "SB.TeleramBot.Console.Example", "Examples\SB.TelegramBot\SB.TeleramBot.Console.Example\SB.TeleramBot.Console.Example.csproj", "{0D4266FD-7A61-49D4-918B-4B9AACD0FA0B}"
EndProject
Global
	GlobalSection(SolutionConfigurationPlatforms) = preSolution
		Debug|Any CPU = Debug|Any CPU
		Release|Any CPU = Release|Any CPU
	EndGlobalSection
	GlobalSection(ProjectConfigurationPlatforms) = postSolution
		{EC413110-2446-4B40-9D2D-DB82A47A3F87}.Debug|Any CPU.ActiveCfg = Debug|Any CPU
		{EC413110-2446-4B40-9D2D-DB82A47A3F87}.Debug|Any CPU.Build.0 = Debug|Any CPU
		{EC413110-2446-4B40-9D2D-DB82A47A3F87}.Release|Any CPU.ActiveCfg = Release|Any CPU
		{EC413110-2446-4B40-9D2D-DB82A47A3F87}.Release|Any CPU.Build.0 = Release|Any CPU
		{C04683B8-4D4F-4E2D-A051-316BD0EF2716}.Debug|Any CPU.ActiveCfg = Debug|Any CPU
		{C04683B8-4D4F-4E2D-A051-316BD0EF2716}.Debug|Any CPU.Build.0 = Debug|Any CPU
		{C04683B8-4D4F-4E2D-A051-316BD0EF2716}.Release|Any CPU.ActiveCfg = Release|Any CPU
		{C04683B8-4D4F-4E2D-A051-316BD0EF2716}.Release|Any CPU.Build.0 = Release|Any CPU
		{1C8A0AC3-E0F4-4461-A44A-6F2310B1416D}.Debug|Any CPU.ActiveCfg = Debug|Any CPU
		{1C8A0AC3-E0F4-4461-A44A-6F2310B1416D}.Debug|Any CPU.Build.0 = Debug|Any CPU
		{1C8A0AC3-E0F4-4461-A44A-6F2310B1416D}.Release|Any CPU.ActiveCfg = Release|Any CPU
		{1C8A0AC3-E0F4-4461-A44A-6F2310B1416D}.Release|Any CPU.Build.0 = Release|Any CPU
		{CE35B84D-693A-481B-8331-A6F01A0103E3}.Debug|Any CPU.ActiveCfg = Debug|Any CPU
		{CE35B84D-693A-481B-8331-A6F01A0103E3}.Debug|Any CPU.Build.0 = Debug|Any CPU
		{CE35B84D-693A-481B-8331-A6F01A0103E3}.Release|Any CPU.ActiveCfg = Release|Any CPU
		{CE35B84D-693A-481B-8331-A6F01A0103E3}.Release|Any CPU.Build.0 = Release|Any CPU
		{9D907655-E7AC-48DE-BC2B-B7A10E149C87}.Debug|Any CPU.ActiveCfg = Debug|Any CPU
		{9D907655-E7AC-48DE-BC2B-B7A10E149C87}.Debug|Any CPU.Build.0 = Debug|Any CPU
		{9D907655-E7AC-48DE-BC2B-B7A10E149C87}.Release|Any CPU.ActiveCfg = Release|Any CPU
		{9D907655-E7AC-48DE-BC2B-B7A10E149C87}.Release|Any CPU.Build.0 = Release|Any CPU
		{E9DAE7B8-66E9-4F34-841D-087F5CEE6AD6}.Debug|Any CPU.ActiveCfg = Debug|Any CPU
		{E9DAE7B8-66E9-4F34-841D-087F5CEE6AD6}.Debug|Any CPU.Build.0 = Debug|Any CPU
		{E9DAE7B8-66E9-4F34-841D-087F5CEE6AD6}.Release|Any CPU.ActiveCfg = Release|Any CPU
		{E9DAE7B8-66E9-4F34-841D-087F5CEE6AD6}.Release|Any CPU.Build.0 = Release|Any CPU
		{D242BFC0-582F-4449-8302-906FA8465ACA}.Debug|Any CPU.ActiveCfg = Debug|Any CPU
		{D242BFC0-582F-4449-8302-906FA8465ACA}.Debug|Any CPU.Build.0 = Debug|Any CPU
		{D242BFC0-582F-4449-8302-906FA8465ACA}.Release|Any CPU.ActiveCfg = Release|Any CPU
		{D242BFC0-582F-4449-8302-906FA8465ACA}.Release|Any CPU.Build.0 = Release|Any CPU
		{DBBA5941-8F3C-4B3B-925C-66209D5DB037}.Debug|Any CPU.ActiveCfg = Debug|Any CPU
		{DBBA5941-8F3C-4B3B-925C-66209D5DB037}.Debug|Any CPU.Build.0 = Debug|Any CPU
		{DBBA5941-8F3C-4B3B-925C-66209D5DB037}.Release|Any CPU.ActiveCfg = Release|Any CPU
		{DBBA5941-8F3C-4B3B-925C-66209D5DB037}.Release|Any CPU.Build.0 = Release|Any CPU
		{798D2795-0CDC-4A94-BEF9-D4BFC2F570E9}.Debug|Any CPU.ActiveCfg = Debug|Any CPU
		{798D2795-0CDC-4A94-BEF9-D4BFC2F570E9}.Debug|Any CPU.Build.0 = Debug|Any CPU
		{798D2795-0CDC-4A94-BEF9-D4BFC2F570E9}.Release|Any CPU.ActiveCfg = Release|Any CPU
		{798D2795-0CDC-4A94-BEF9-D4BFC2F570E9}.Release|Any CPU.Build.0 = Release|Any CPU
		{7647345E-542A-4BC5-AA4A-67D98942351E}.Debug|Any CPU.ActiveCfg = Debug|Any CPU
		{7647345E-542A-4BC5-AA4A-67D98942351E}.Debug|Any CPU.Build.0 = Debug|Any CPU
		{7647345E-542A-4BC5-AA4A-67D98942351E}.Release|Any CPU.ActiveCfg = Release|Any CPU
		{7647345E-542A-4BC5-AA4A-67D98942351E}.Release|Any CPU.Build.0 = Release|Any CPU
		{B939E23D-11D3-4993-8DDA-D51A63A802A3}.Debug|Any CPU.ActiveCfg = Debug|Any CPU
		{B939E23D-11D3-4993-8DDA-D51A63A802A3}.Debug|Any CPU.Build.0 = Debug|Any CPU
		{B939E23D-11D3-4993-8DDA-D51A63A802A3}.Release|Any CPU.ActiveCfg = Release|Any CPU
		{B939E23D-11D3-4993-8DDA-D51A63A802A3}.Release|Any CPU.Build.0 = Release|Any CPU
		{BA855D31-7BBB-4ABB-A35F-FDEF0D2EBBEF}.Debug|Any CPU.ActiveCfg = Debug|Any CPU
		{BA855D31-7BBB-4ABB-A35F-FDEF0D2EBBEF}.Debug|Any CPU.Build.0 = Debug|Any CPU
		{BA855D31-7BBB-4ABB-A35F-FDEF0D2EBBEF}.Release|Any CPU.ActiveCfg = Release|Any CPU
		{BA855D31-7BBB-4ABB-A35F-FDEF0D2EBBEF}.Release|Any CPU.Build.0 = Release|Any CPU
		{CCDAB62B-59A7-4D32-A6D4-F025058D3D9A}.Debug|Any CPU.ActiveCfg = Debug|Any CPU
		{CCDAB62B-59A7-4D32-A6D4-F025058D3D9A}.Debug|Any CPU.Build.0 = Debug|Any CPU
		{CCDAB62B-59A7-4D32-A6D4-F025058D3D9A}.Release|Any CPU.ActiveCfg = Release|Any CPU
		{CCDAB62B-59A7-4D32-A6D4-F025058D3D9A}.Release|Any CPU.Build.0 = Release|Any CPU
		{DD2757D6-2ACC-432C-AC6B-FF8B53E46F27}.Debug|Any CPU.ActiveCfg = Debug|Any CPU
		{DD2757D6-2ACC-432C-AC6B-FF8B53E46F27}.Debug|Any CPU.Build.0 = Debug|Any CPU
		{DD2757D6-2ACC-432C-AC6B-FF8B53E46F27}.Release|Any CPU.ActiveCfg = Release|Any CPU
		{DD2757D6-2ACC-432C-AC6B-FF8B53E46F27}.Release|Any CPU.Build.0 = Release|Any CPU
		{8C3B7C87-2E8C-4487-9E9D-C2212752F7A4}.Debug|Any CPU.ActiveCfg = Debug|Any CPU
		{8C3B7C87-2E8C-4487-9E9D-C2212752F7A4}.Debug|Any CPU.Build.0 = Debug|Any CPU
		{8C3B7C87-2E8C-4487-9E9D-C2212752F7A4}.Release|Any CPU.ActiveCfg = Release|Any CPU
		{8C3B7C87-2E8C-4487-9E9D-C2212752F7A4}.Release|Any CPU.Build.0 = Release|Any CPU
		{4DB0BB26-CEF0-467B-8ABA-BAD91E96D145}.Debug|Any CPU.ActiveCfg = Debug|Any CPU
		{4DB0BB26-CEF0-467B-8ABA-BAD91E96D145}.Debug|Any CPU.Build.0 = Debug|Any CPU
		{4DB0BB26-CEF0-467B-8ABA-BAD91E96D145}.Release|Any CPU.ActiveCfg = Release|Any CPU
		{4DB0BB26-CEF0-467B-8ABA-BAD91E96D145}.Release|Any CPU.Build.0 = Release|Any CPU
		{CCB9AD02-0DDA-49C9-8457-A31585E60853}.Debug|Any CPU.ActiveCfg = Debug|Any CPU
		{CCB9AD02-0DDA-49C9-8457-A31585E60853}.Debug|Any CPU.Build.0 = Debug|Any CPU
		{CCB9AD02-0DDA-49C9-8457-A31585E60853}.Release|Any CPU.ActiveCfg = Release|Any CPU
		{CCB9AD02-0DDA-49C9-8457-A31585E60853}.Release|Any CPU.Build.0 = Release|Any CPU
		{8C55D03A-6FA0-4CAB-9815-CA87A5582079}.Debug|Any CPU.ActiveCfg = Debug|Any CPU
		{8C55D03A-6FA0-4CAB-9815-CA87A5582079}.Debug|Any CPU.Build.0 = Debug|Any CPU
		{8C55D03A-6FA0-4CAB-9815-CA87A5582079}.Release|Any CPU.ActiveCfg = Release|Any CPU
		{8C55D03A-6FA0-4CAB-9815-CA87A5582079}.Release|Any CPU.Build.0 = Release|Any CPU
		{28800D77-0130-4A30-8505-4FEEC32F1970}.Debug|Any CPU.ActiveCfg = Debug|Any CPU
		{28800D77-0130-4A30-8505-4FEEC32F1970}.Debug|Any CPU.Build.0 = Debug|Any CPU
		{28800D77-0130-4A30-8505-4FEEC32F1970}.Release|Any CPU.ActiveCfg = Release|Any CPU
		{28800D77-0130-4A30-8505-4FEEC32F1970}.Release|Any CPU.Build.0 = Release|Any CPU
		{BB317400-8A52-45F5-9AD0-AD6834D0E4EF}.Debug|Any CPU.ActiveCfg = Debug|Any CPU
		{BB317400-8A52-45F5-9AD0-AD6834D0E4EF}.Debug|Any CPU.Build.0 = Debug|Any CPU
		{BB317400-8A52-45F5-9AD0-AD6834D0E4EF}.Release|Any CPU.ActiveCfg = Release|Any CPU
		{BB317400-8A52-45F5-9AD0-AD6834D0E4EF}.Release|Any CPU.Build.0 = Release|Any CPU
		{D1F4F7A4-488F-4DA3-B30D-4115BB17EF21}.Debug|Any CPU.ActiveCfg = Debug|Any CPU
		{D1F4F7A4-488F-4DA3-B30D-4115BB17EF21}.Debug|Any CPU.Build.0 = Debug|Any CPU
		{D1F4F7A4-488F-4DA3-B30D-4115BB17EF21}.Release|Any CPU.ActiveCfg = Release|Any CPU
		{D1F4F7A4-488F-4DA3-B30D-4115BB17EF21}.Release|Any CPU.Build.0 = Release|Any CPU
		{AECC2335-79D2-42EB-8B28-BE1A64EF472A}.Debug|Any CPU.ActiveCfg = Debug|Any CPU
		{AECC2335-79D2-42EB-8B28-BE1A64EF472A}.Debug|Any CPU.Build.0 = Debug|Any CPU
		{AECC2335-79D2-42EB-8B28-BE1A64EF472A}.Release|Any CPU.ActiveCfg = Release|Any CPU
		{AECC2335-79D2-42EB-8B28-BE1A64EF472A}.Release|Any CPU.Build.0 = Release|Any CPU
		{95148717-C143-4739-AA54-2E80CBA3540A}.Debug|Any CPU.ActiveCfg = Debug|Any CPU
		{95148717-C143-4739-AA54-2E80CBA3540A}.Debug|Any CPU.Build.0 = Debug|Any CPU
		{95148717-C143-4739-AA54-2E80CBA3540A}.Release|Any CPU.ActiveCfg = Release|Any CPU
		{95148717-C143-4739-AA54-2E80CBA3540A}.Release|Any CPU.Build.0 = Release|Any CPU
		{59BD10C6-BF31-40BB-BE21-2AACD5975DBA}.Debug|Any CPU.ActiveCfg = Debug|Any CPU
		{59BD10C6-BF31-40BB-BE21-2AACD5975DBA}.Debug|Any CPU.Build.0 = Debug|Any CPU
		{59BD10C6-BF31-40BB-BE21-2AACD5975DBA}.Release|Any CPU.ActiveCfg = Release|Any CPU
		{59BD10C6-BF31-40BB-BE21-2AACD5975DBA}.Release|Any CPU.Build.0 = Release|Any CPU
		{0D4266FD-7A61-49D4-918B-4B9AACD0FA0B}.Debug|Any CPU.ActiveCfg = Debug|Any CPU
		{0D4266FD-7A61-49D4-918B-4B9AACD0FA0B}.Debug|Any CPU.Build.0 = Debug|Any CPU
		{0D4266FD-7A61-49D4-918B-4B9AACD0FA0B}.Release|Any CPU.ActiveCfg = Release|Any CPU
		{0D4266FD-7A61-49D4-918B-4B9AACD0FA0B}.Release|Any CPU.Build.0 = Release|Any CPU
	EndGlobalSection
	GlobalSection(SolutionProperties) = preSolution
		HideSolutionNode = FALSE
	EndGlobalSection
	GlobalSection(NestedProjects) = preSolution
		{EC413110-2446-4B40-9D2D-DB82A47A3F87} = {093CEE95-3D29-4DC4-B25B-529DA3F7050B}
		{89FA2913-867C-436D-B383-050748A2D53A} = {05EB8D07-92B3-450E-B4B0-D388404BA307}
		{C04683B8-4D4F-4E2D-A051-316BD0EF2716} = {05EB8D07-92B3-450E-B4B0-D388404BA307}
		{38B5B18A-B0BC-4283-8572-6EE6E2447AF7} = {093CEE95-3D29-4DC4-B25B-529DA3F7050B}
		{4DEAB15B-270F-4188-8DE3-2EF0C52C9C83} = {89FA2913-867C-436D-B383-050748A2D53A}
		{1C8A0AC3-E0F4-4461-A44A-6F2310B1416D} = {4DEAB15B-270F-4188-8DE3-2EF0C52C9C83}
		{34764869-89AD-4B44-8E52-C884ECE17810} = {4DEAB15B-270F-4188-8DE3-2EF0C52C9C83}
		{DCF5476E-BF46-43B6-A442-C2C8556B1CC3} = {4DEAB15B-270F-4188-8DE3-2EF0C52C9C83}
		{CE35B84D-693A-481B-8331-A6F01A0103E3} = {DCF5476E-BF46-43B6-A442-C2C8556B1CC3}
		{FB76CA98-B878-4253-BA22-F1A002A1E4C8} = {34764869-89AD-4B44-8E52-C884ECE17810}
		{9D907655-E7AC-48DE-BC2B-B7A10E149C87} = {FB76CA98-B878-4253-BA22-F1A002A1E4C8}
		{C5750199-85C0-4684-8CDE-54DEC27BF815} = {38B5B18A-B0BC-4283-8572-6EE6E2447AF7}
		{E9DAE7B8-66E9-4F34-841D-087F5CEE6AD6} = {C5750199-85C0-4684-8CDE-54DEC27BF815}
		{D242BFC0-582F-4449-8302-906FA8465ACA} = {0A2FE0BF-9BCA-4CFE-B6FC-995C1543A809}
		{5593B696-5483-4142-BA53-CC19A5FD48CD} = {34764869-89AD-4B44-8E52-C884ECE17810}
		{0A2FE0BF-9BCA-4CFE-B6FC-995C1543A809} = {EF10AA03-534F-4903-B30D-D3BF7A53AFDA}
		{DBBA5941-8F3C-4B3B-925C-66209D5DB037} = {5593B696-5483-4142-BA53-CC19A5FD48CD}
		{798D2795-0CDC-4A94-BEF9-D4BFC2F570E9} = {0A2FE0BF-9BCA-4CFE-B6FC-995C1543A809}
		{62FF18C4-7093-4F1F-8CA7-1A950ED2EE1E} = {C5750199-85C0-4684-8CDE-54DEC27BF815}
		{77613051-4536-477A-8F71-2D155ED2AF1A} = {62FF18C4-7093-4F1F-8CA7-1A950ED2EE1E}
		{7647345E-542A-4BC5-AA4A-67D98942351E} = {77613051-4536-477A-8F71-2D155ED2AF1A}
		{B939E23D-11D3-4993-8DDA-D51A63A802A3} = {DCF5476E-BF46-43B6-A442-C2C8556B1CC3}
		{BA855D31-7BBB-4ABB-A35F-FDEF0D2EBBEF} = {0A2FE0BF-9BCA-4CFE-B6FC-995C1543A809}
		{CCDAB62B-59A7-4D32-A6D4-F025058D3D9A} = {0A2FE0BF-9BCA-4CFE-B6FC-995C1543A809}
		{DD2757D6-2ACC-432C-AC6B-FF8B53E46F27} = {DCF5476E-BF46-43B6-A442-C2C8556B1CC3}
		{8C3B7C87-2E8C-4487-9E9D-C2212752F7A4} = {DCF5476E-BF46-43B6-A442-C2C8556B1CC3}
		{4DB0BB26-CEF0-467B-8ABA-BAD91E96D145} = {DCF5476E-BF46-43B6-A442-C2C8556B1CC3}
		{CCB9AD02-0DDA-49C9-8457-A31585E60853} = {0A2FE0BF-9BCA-4CFE-B6FC-995C1543A809}
		{8C55D03A-6FA0-4CAB-9815-CA87A5582079} = {05EB8D07-92B3-450E-B4B0-D388404BA307}
		{28800D77-0130-4A30-8505-4FEEC32F1970} = {093CEE95-3D29-4DC4-B25B-529DA3F7050B}
		{BB317400-8A52-45F5-9AD0-AD6834D0E4EF} = {05EB8D07-92B3-450E-B4B0-D388404BA307}
		{7FFB01BE-910F-45B5-9DB3-5F0F1084304D} = {EF10AA03-534F-4903-B30D-D3BF7A53AFDA}
		{D1F4F7A4-488F-4DA3-B30D-4115BB17EF21} = {7FFB01BE-910F-45B5-9DB3-5F0F1084304D}
		{FEE9071B-7C1E-4302-9091-4F36CAB6DFEE} = {34764869-89AD-4B44-8E52-C884ECE17810}
		{AECC2335-79D2-42EB-8B28-BE1A64EF472A} = {FEE9071B-7C1E-4302-9091-4F36CAB6DFEE}
		{DF16E61C-F732-4A0E-B37B-06936C87D01C} = {34764869-89AD-4B44-8E52-C884ECE17810}
		{95148717-C143-4739-AA54-2E80CBA3540A} = {DF16E61C-F732-4A0E-B37B-06936C87D01C}
		{59BD10C6-BF31-40BB-BE21-2AACD5975DBA} = {05EB8D07-92B3-450E-B4B0-D388404BA307}
		{7FBAEF94-F050-4ED3-8F0B-CA9694B338D0} = {EF10AA03-534F-4903-B30D-D3BF7A53AFDA}
		{0D4266FD-7A61-49D4-918B-4B9AACD0FA0B} = {7FBAEF94-F050-4ED3-8F0B-CA9694B338D0}
	EndGlobalSection
	GlobalSection(ExtensibilityGlobals) = postSolution
		SolutionGuid = {D6ECE328-60A0-4BF9-B273-4B04E9BFA8E8}
	EndGlobalSection
EndGlobal
